// !$*UTF8*$!
{
	archiveVersion = 1;
	classes = {
	};
	objectVersion = 51;
	objects = {

/* Begin PBXBuildFile section */
		2613B0352570DB8C00EECB4C /* AppDelegate.swift in Sources */ = {isa = PBXBuildFile; fileRef = 2613B0342570DB8C00EECB4C /* AppDelegate.swift */; };
		2613B0372570DB8C00EECB4C /* SceneDelegate.swift in Sources */ = {isa = PBXBuildFile; fileRef = 2613B0362570DB8C00EECB4C /* SceneDelegate.swift */; };
		2613B03C2570DB8C00EECB4C /* Main.storyboard in Resources */ = {isa = PBXBuildFile; fileRef = 2613B03A2570DB8C00EECB4C /* Main.storyboard */; };
		2613B03E2570DB9000EECB4C /* Assets.xcassets in Resources */ = {isa = PBXBuildFile; fileRef = 2613B03D2570DB9000EECB4C /* Assets.xcassets */; };
		2613B0412570DB9000EECB4C /* LaunchScreen.storyboard in Resources */ = {isa = PBXBuildFile; fileRef = 2613B03F2570DB9000EECB4C /* LaunchScreen.storyboard */; };
		2613B04C2570DB9100EECB4C /* CATmistryTests.swift in Sources */ = {isa = PBXBuildFile; fileRef = 2613B04B2570DB9100EECB4C /* CATmistryTests.swift */; };
		2613B0572570DB9100EECB4C /* CATmistryUITests.swift in Sources */ = {isa = PBXBuildFile; fileRef = 2613B0562570DB9100EECB4C /* CATmistryUITests.swift */; };
		261E539D2571486600094DA5 /* PlayHomePageTableViewController.swift in Sources */ = {isa = PBXBuildFile; fileRef = 261E539C2571486600094DA5 /* PlayHomePageTableViewController.swift */; };
		261E53A22571488B00094DA5 /* PlayHomePageTableViewCell.swift in Sources */ = {isa = PBXBuildFile; fileRef = 261E53A12571488B00094DA5 /* PlayHomePageTableViewCell.swift */; };
		2632D7042577D5B50005033F /* PlayFindGasDetailsViewController.swift in Sources */ = {isa = PBXBuildFile; fileRef = 2632D7032577D5B50005033F /* PlayFindGasDetailsViewController.swift */; };
		2632D7092577D5F00005033F /* PlayAdjustPhDetailsViewController.swift in Sources */ = {isa = PBXBuildFile; fileRef = 2632D7082577D5F00005033F /* PlayAdjustPhDetailsViewController.swift */; };
		2632D70E2577D62F0005033F /* PlayRetrieveSolidsDetailsViewController.swift in Sources */ = {isa = PBXBuildFile; fileRef = 2632D70D2577D62F0005033F /* PlayRetrieveSolidsDetailsViewController.swift */; };
		2640F0A325724091003EC92B /* LearnSubTopicDetailsViewController.swift in Sources */ = {isa = PBXBuildFile; fileRef = 2640F0A225724091003EC92B /* LearnSubTopicDetailsViewController.swift */; };
		269F995125777504001C7246 /* PlayAdjustPhStartViewController.swift in Sources */ = {isa = PBXBuildFile; fileRef = 269F995025777504001C7246 /* PlayAdjustPhStartViewController.swift */; };
		269F995925777538001C7246 /* PlayFindGasStartViewController.swift in Sources */ = {isa = PBXBuildFile; fileRef = 269F995825777538001C7246 /* PlayFindGasStartViewController.swift */; };
		269F995E25777553001C7246 /* PlayRetrieveSolidsStartViewController.swift in Sources */ = {isa = PBXBuildFile; fileRef = 269F995D25777553001C7246 /* PlayRetrieveSolidsStartViewController.swift */; };
		26CD2F1B257F66D3002705D1 /* PlayCorrectAnswerViewController.swift in Sources */ = {isa = PBXBuildFile; fileRef = 26CD2F1A257F66D3002705D1 /* PlayCorrectAnswerViewController.swift */; };
		26CD2F23257F670B002705D1 /* PlayWrongAnswerViewController.swift in Sources */ = {isa = PBXBuildFile; fileRef = 26CD2F22257F670B002705D1 /* PlayWrongAnswerViewController.swift */; };
		26DDE2A4257483B200FDC078 /* LearnSubSubTopicDetailsViewController.swift in Sources */ = {isa = PBXBuildFile; fileRef = 26DDE2A3257483B200FDC078 /* LearnSubSubTopicDetailsViewController.swift */; };
		26EA43222584C15E00AD5BD0 /* SettingsTableViewController.swift in Sources */ = {isa = PBXBuildFile; fileRef = 26EA43212584C15E00AD5BD0 /* SettingsTableViewController.swift */; };
		547F0AD92570F5F900A224D9 /* LearnHomePageTableViewController.swift in Sources */ = {isa = PBXBuildFile; fileRef = 547F0AD82570F5F900A224D9 /* LearnHomePageTableViewController.swift */; };
		547F0ADE2570F66E00A224D9 /* LearnHomePageTableViewCell.swift in Sources */ = {isa = PBXBuildFile; fileRef = 547F0ADD2570F66E00A224D9 /* LearnHomePageTableViewCell.swift */; };
		547F0AEB2570F85000A224D9 /* structsFunctions.swift in Sources */ = {isa = PBXBuildFile; fileRef = 547F0AEA2570F85000A224D9 /* structsFunctions.swift */; };
		548C7E862576897200D2ACD8 /* PlayIdentifyElementsStartViewController.swift in Sources */ = {isa = PBXBuildFile; fileRef = 548C7E852576897200D2ACD8 /* PlayIdentifyElementsStartViewController.swift */; };
		54B5D28625738FB5006A55F2 /* QuizViewController.swift in Sources */ = {isa = PBXBuildFile; fileRef = 54B5D28525738FB5006A55F2 /* QuizViewController.swift */; };
		54BAB8262578CA560000A5C0 /* settingsViewController.swift in Sources */ = {isa = PBXBuildFile; fileRef = 54BAB8252578CA560000A5C0 /* settingsViewController.swift */; };
		54C1714A2574E44F004ED787 /* SubSubTopicTableViewCell.swift in Sources */ = {isa = PBXBuildFile; fileRef = 54C171492574E44F004ED787 /* SubSubTopicTableViewCell.swift */; };
		54F5202F2571FA4600D7363C /* LearnChapterSubTopicsTableViewController.swift in Sources */ = {isa = PBXBuildFile; fileRef = 54F5202E2571FA4600D7363C /* LearnChapterSubTopicsTableViewController.swift */; };
		54FEFB0525770AE50054CFF9 /* PlayIdentifyElementsSecondViewController.swift in Sources */ = {isa = PBXBuildFile; fileRef = 54FEFB0425770AE50054CFF9 /* PlayIdentifyElementsSecondViewController.swift */; };
		6162D640B8567EBF7E172D11 /* Pods_CATmistry.framework in Frameworks */ = {isa = PBXBuildFile; fileRef = 49DA23714213562AA54B3120 /* Pods_CATmistry.framework */; };
		A0EA46C12C28AAC955A26CC8 /* Pods_CATmistryTests.framework in Frameworks */ = {isa = PBXBuildFile; fileRef = C25FC8DB42CBF979D08BA3AE /* Pods_CATmistryTests.framework */; };
		C182AE3B215D6AE8A4B33886 /* Pods_CATmistry_CATmistryUITests.framework in Frameworks */ = {isa = PBXBuildFile; fileRef = E17CC281B885BB9952784F31 /* Pods_CATmistry_CATmistryUITests.framework */; };
/* End PBXBuildFile section */

/* Begin PBXContainerItemProxy section */
		2613B0482570DB9100EECB4C /* PBXContainerItemProxy */ = {
			isa = PBXContainerItemProxy;
			containerPortal = 2613B0292570DB8C00EECB4C /* Project object */;
			proxyType = 1;
			remoteGlobalIDString = 2613B0302570DB8C00EECB4C;
			remoteInfo = CATmistry;
		};
		2613B0532570DB9100EECB4C /* PBXContainerItemProxy */ = {
			isa = PBXContainerItemProxy;
			containerPortal = 2613B0292570DB8C00EECB4C /* Project object */;
			proxyType = 1;
			remoteGlobalIDString = 2613B0302570DB8C00EECB4C;
			remoteInfo = CATmistry;
		};
/* End PBXContainerItemProxy section */

/* Begin PBXFileReference section */
		09DA7E89D99E92596912DACB /* Pods-CATmistryTests.release.xcconfig */ = {isa = PBXFileReference; includeInIndex = 1; lastKnownFileType = text.xcconfig; name = "Pods-CATmistryTests.release.xcconfig"; path = "Target Support Files/Pods-CATmistryTests/Pods-CATmistryTests.release.xcconfig"; sourceTree = "<group>"; };
		2613B0312570DB8C00EECB4C /* CATmistry.app */ = {isa = PBXFileReference; explicitFileType = wrapper.application; includeInIndex = 0; path = CATmistry.app; sourceTree = BUILT_PRODUCTS_DIR; };
		2613B0342570DB8C00EECB4C /* AppDelegate.swift */ = {isa = PBXFileReference; lastKnownFileType = sourcecode.swift; path = AppDelegate.swift; sourceTree = "<group>"; };
		2613B0362570DB8C00EECB4C /* SceneDelegate.swift */ = {isa = PBXFileReference; lastKnownFileType = sourcecode.swift; path = SceneDelegate.swift; sourceTree = "<group>"; };
		2613B03B2570DB8C00EECB4C /* Base */ = {isa = PBXFileReference; lastKnownFileType = file.storyboard; name = Base; path = Base.lproj/Main.storyboard; sourceTree = "<group>"; };
		2613B03D2570DB9000EECB4C /* Assets.xcassets */ = {isa = PBXFileReference; lastKnownFileType = folder.assetcatalog; path = Assets.xcassets; sourceTree = "<group>"; };
		2613B0402570DB9000EECB4C /* Base */ = {isa = PBXFileReference; lastKnownFileType = file.storyboard; name = Base; path = Base.lproj/LaunchScreen.storyboard; sourceTree = "<group>"; };
		2613B0422570DB9000EECB4C /* Info.plist */ = {isa = PBXFileReference; lastKnownFileType = text.plist.xml; path = Info.plist; sourceTree = "<group>"; };
		2613B0472570DB9100EECB4C /* CATmistryTests.xctest */ = {isa = PBXFileReference; explicitFileType = wrapper.cfbundle; includeInIndex = 0; path = CATmistryTests.xctest; sourceTree = BUILT_PRODUCTS_DIR; };
		2613B04B2570DB9100EECB4C /* CATmistryTests.swift */ = {isa = PBXFileReference; lastKnownFileType = sourcecode.swift; path = CATmistryTests.swift; sourceTree = "<group>"; };
		2613B04D2570DB9100EECB4C /* Info.plist */ = {isa = PBXFileReference; lastKnownFileType = text.plist.xml; path = Info.plist; sourceTree = "<group>"; };
		2613B0522570DB9100EECB4C /* CATmistryUITests.xctest */ = {isa = PBXFileReference; explicitFileType = wrapper.cfbundle; includeInIndex = 0; path = CATmistryUITests.xctest; sourceTree = BUILT_PRODUCTS_DIR; };
		2613B0562570DB9100EECB4C /* CATmistryUITests.swift */ = {isa = PBXFileReference; lastKnownFileType = sourcecode.swift; path = CATmistryUITests.swift; sourceTree = "<group>"; };
		2613B0582570DB9100EECB4C /* Info.plist */ = {isa = PBXFileReference; lastKnownFileType = text.plist.xml; path = Info.plist; sourceTree = "<group>"; };
		261E539C2571486600094DA5 /* PlayHomePageTableViewController.swift */ = {isa = PBXFileReference; lastKnownFileType = sourcecode.swift; path = PlayHomePageTableViewController.swift; sourceTree = "<group>"; };
		261E53A12571488B00094DA5 /* PlayHomePageTableViewCell.swift */ = {isa = PBXFileReference; lastKnownFileType = sourcecode.swift; path = PlayHomePageTableViewCell.swift; sourceTree = "<group>"; };
		2632D7032577D5B50005033F /* PlayFindGasDetailsViewController.swift */ = {isa = PBXFileReference; lastKnownFileType = sourcecode.swift; path = PlayFindGasDetailsViewController.swift; sourceTree = "<group>"; };
		2632D7082577D5F00005033F /* PlayAdjustPhDetailsViewController.swift */ = {isa = PBXFileReference; lastKnownFileType = sourcecode.swift; path = PlayAdjustPhDetailsViewController.swift; sourceTree = "<group>"; };
		2632D70D2577D62F0005033F /* PlayRetrieveSolidsDetailsViewController.swift */ = {isa = PBXFileReference; lastKnownFileType = sourcecode.swift; path = PlayRetrieveSolidsDetailsViewController.swift; sourceTree = "<group>"; wrapsLines = 0; };
		2640F0A225724091003EC92B /* LearnSubTopicDetailsViewController.swift */ = {isa = PBXFileReference; lastKnownFileType = sourcecode.swift; path = LearnSubTopicDetailsViewController.swift; sourceTree = "<group>"; };
		269F995025777504001C7246 /* PlayAdjustPhStartViewController.swift */ = {isa = PBXFileReference; lastKnownFileType = sourcecode.swift; path = PlayAdjustPhStartViewController.swift; sourceTree = "<group>"; };
		269F995825777538001C7246 /* PlayFindGasStartViewController.swift */ = {isa = PBXFileReference; lastKnownFileType = sourcecode.swift; path = PlayFindGasStartViewController.swift; sourceTree = "<group>"; };
		269F995D25777553001C7246 /* PlayRetrieveSolidsStartViewController.swift */ = {isa = PBXFileReference; lastKnownFileType = sourcecode.swift; path = PlayRetrieveSolidsStartViewController.swift; sourceTree = "<group>"; };
		26CD2F1A257F66D3002705D1 /* PlayCorrectAnswerViewController.swift */ = {isa = PBXFileReference; lastKnownFileType = sourcecode.swift; path = PlayCorrectAnswerViewController.swift; sourceTree = "<group>"; };
		26CD2F22257F670B002705D1 /* PlayWrongAnswerViewController.swift */ = {isa = PBXFileReference; lastKnownFileType = sourcecode.swift; path = PlayWrongAnswerViewController.swift; sourceTree = "<group>"; };
		26DDE2A3257483B200FDC078 /* LearnSubSubTopicDetailsViewController.swift */ = {isa = PBXFileReference; lastKnownFileType = sourcecode.swift; path = LearnSubSubTopicDetailsViewController.swift; sourceTree = "<group>"; };
		26EA43212584C15E00AD5BD0 /* SettingsTableViewController.swift */ = {isa = PBXFileReference; lastKnownFileType = sourcecode.swift; path = SettingsTableViewController.swift; sourceTree = SOURCE_ROOT; };
		2F20F908644330A99E65D047 /* Pods-CATmistryTests.debug.xcconfig */ = {isa = PBXFileReference; includeInIndex = 1; lastKnownFileType = text.xcconfig; name = "Pods-CATmistryTests.debug.xcconfig"; path = "Target Support Files/Pods-CATmistryTests/Pods-CATmistryTests.debug.xcconfig"; sourceTree = "<group>"; };
		462BC2A50FADBCEE81DEA261 /* Pods-CATmistry.release.xcconfig */ = {isa = PBXFileReference; includeInIndex = 1; lastKnownFileType = text.xcconfig; name = "Pods-CATmistry.release.xcconfig"; path = "Target Support Files/Pods-CATmistry/Pods-CATmistry.release.xcconfig"; sourceTree = "<group>"; };
		49DA23714213562AA54B3120 /* Pods_CATmistry.framework */ = {isa = PBXFileReference; explicitFileType = wrapper.framework; includeInIndex = 0; path = Pods_CATmistry.framework; sourceTree = BUILT_PRODUCTS_DIR; };
		547F0AD82570F5F900A224D9 /* LearnHomePageTableViewController.swift */ = {isa = PBXFileReference; lastKnownFileType = sourcecode.swift; path = LearnHomePageTableViewController.swift; sourceTree = "<group>"; };
		547F0ADD2570F66E00A224D9 /* LearnHomePageTableViewCell.swift */ = {isa = PBXFileReference; lastKnownFileType = sourcecode.swift; path = LearnHomePageTableViewCell.swift; sourceTree = "<group>"; };
		547F0AEA2570F85000A224D9 /* structsFunctions.swift */ = {isa = PBXFileReference; lastKnownFileType = sourcecode.swift; path = structsFunctions.swift; sourceTree = "<group>"; };
		548C7E852576897200D2ACD8 /* PlayIdentifyElementsStartViewController.swift */ = {isa = PBXFileReference; lastKnownFileType = sourcecode.swift; path = PlayIdentifyElementsStartViewController.swift; sourceTree = "<group>"; };
		54B5D28525738FB5006A55F2 /* QuizViewController.swift */ = {isa = PBXFileReference; lastKnownFileType = sourcecode.swift; path = QuizViewController.swift; sourceTree = "<group>"; };
		54BAB8252578CA560000A5C0 /* settingsViewController.swift */ = {isa = PBXFileReference; lastKnownFileType = sourcecode.swift; path = settingsViewController.swift; sourceTree = "<group>"; };
		54C171492574E44F004ED787 /* SubSubTopicTableViewCell.swift */ = {isa = PBXFileReference; lastKnownFileType = sourcecode.swift; path = SubSubTopicTableViewCell.swift; sourceTree = "<group>"; };
		54F5202E2571FA4600D7363C /* LearnChapterSubTopicsTableViewController.swift */ = {isa = PBXFileReference; lastKnownFileType = sourcecode.swift; path = LearnChapterSubTopicsTableViewController.swift; sourceTree = "<group>"; };
		54FEFB0425770AE50054CFF9 /* PlayIdentifyElementsSecondViewController.swift */ = {isa = PBXFileReference; lastKnownFileType = sourcecode.swift; path = PlayIdentifyElementsSecondViewController.swift; sourceTree = "<group>"; };
		632B238902855510D1A66A8D /* Pods-CATmistry-CATmistryUITests.debug.xcconfig */ = {isa = PBXFileReference; includeInIndex = 1; lastKnownFileType = text.xcconfig; name = "Pods-CATmistry-CATmistryUITests.debug.xcconfig"; path = "Target Support Files/Pods-CATmistry-CATmistryUITests/Pods-CATmistry-CATmistryUITests.debug.xcconfig"; sourceTree = "<group>"; };
		67A35E2E4F9993C8DC7B5A27 /* Pods-CATmistry-CATmistryUITests.release.xcconfig */ = {isa = PBXFileReference; includeInIndex = 1; lastKnownFileType = text.xcconfig; name = "Pods-CATmistry-CATmistryUITests.release.xcconfig"; path = "Target Support Files/Pods-CATmistry-CATmistryUITests/Pods-CATmistry-CATmistryUITests.release.xcconfig"; sourceTree = "<group>"; };
		C25FC8DB42CBF979D08BA3AE /* Pods_CATmistryTests.framework */ = {isa = PBXFileReference; explicitFileType = wrapper.framework; includeInIndex = 0; path = Pods_CATmistryTests.framework; sourceTree = BUILT_PRODUCTS_DIR; };
		D90F63469EC545053F408036 /* Pods-CATmistry.debug.xcconfig */ = {isa = PBXFileReference; includeInIndex = 1; lastKnownFileType = text.xcconfig; name = "Pods-CATmistry.debug.xcconfig"; path = "Target Support Files/Pods-CATmistry/Pods-CATmistry.debug.xcconfig"; sourceTree = "<group>"; };
		E17CC281B885BB9952784F31 /* Pods_CATmistry_CATmistryUITests.framework */ = {isa = PBXFileReference; explicitFileType = wrapper.framework; includeInIndex = 0; path = Pods_CATmistry_CATmistryUITests.framework; sourceTree = BUILT_PRODUCTS_DIR; };
/* End PBXFileReference section */

/* Begin PBXFrameworksBuildPhase section */
		2613B02E2570DB8C00EECB4C /* Frameworks */ = {
			isa = PBXFrameworksBuildPhase;
			buildActionMask = 2147483647;
			files = (
				6162D640B8567EBF7E172D11 /* Pods_CATmistry.framework in Frameworks */,
			);
			runOnlyForDeploymentPostprocessing = 0;
		};
		2613B0442570DB9100EECB4C /* Frameworks */ = {
			isa = PBXFrameworksBuildPhase;
			buildActionMask = 2147483647;
			files = (
				A0EA46C12C28AAC955A26CC8 /* Pods_CATmistryTests.framework in Frameworks */,
			);
			runOnlyForDeploymentPostprocessing = 0;
		};
		2613B04F2570DB9100EECB4C /* Frameworks */ = {
			isa = PBXFrameworksBuildPhase;
			buildActionMask = 2147483647;
			files = (
				C182AE3B215D6AE8A4B33886 /* Pods_CATmistry_CATmistryUITests.framework in Frameworks */,
			);
			runOnlyForDeploymentPostprocessing = 0;
		};
/* End PBXFrameworksBuildPhase section */

/* Begin PBXGroup section */
		1EC3B74727D1C8711C4FFBA6 /* Pods */ = {
			isa = PBXGroup;
			children = (
				D90F63469EC545053F408036 /* Pods-CATmistry.debug.xcconfig */,
				462BC2A50FADBCEE81DEA261 /* Pods-CATmistry.release.xcconfig */,
				632B238902855510D1A66A8D /* Pods-CATmistry-CATmistryUITests.debug.xcconfig */,
				67A35E2E4F9993C8DC7B5A27 /* Pods-CATmistry-CATmistryUITests.release.xcconfig */,
				2F20F908644330A99E65D047 /* Pods-CATmistryTests.debug.xcconfig */,
				09DA7E89D99E92596912DACB /* Pods-CATmistryTests.release.xcconfig */,
			);
			path = Pods;
			sourceTree = "<group>";
		};
		2613B0282570DB8C00EECB4C = {
			isa = PBXGroup;
			children = (
				2613B0332570DB8C00EECB4C /* CATmistry */,
				2613B04A2570DB9100EECB4C /* CATmistryTests */,
				2613B0552570DB9100EECB4C /* CATmistryUITests */,
				2613B0322570DB8C00EECB4C /* Products */,
				1EC3B74727D1C8711C4FFBA6 /* Pods */,
				6D9E306F40C4427E4EFBF49A /* Frameworks */,
			);
			sourceTree = "<group>";
		};
		2613B0322570DB8C00EECB4C /* Products */ = {
			isa = PBXGroup;
			children = (
				2613B0312570DB8C00EECB4C /* CATmistry.app */,
				2613B0472570DB9100EECB4C /* CATmistryTests.xctest */,
				2613B0522570DB9100EECB4C /* CATmistryUITests.xctest */,
			);
			name = Products;
			sourceTree = "<group>";
		};
		2613B0332570DB8C00EECB4C /* CATmistry */ = {
			isa = PBXGroup;
			children = (
				26EA43212584C15E00AD5BD0 /* SettingsTableViewController.swift */,
				2613B0342570DB8C00EECB4C /* AppDelegate.swift */,
				2613B0362570DB8C00EECB4C /* SceneDelegate.swift */,
				2613B03A2570DB8C00EECB4C /* Main.storyboard */,
				54BAB8252578CA560000A5C0 /* settingsViewController.swift */,
				54FEFB172578609C0054CFF9 /* Learn Pages */,
				54FEFB122578603A0054CFF9 /* Play Pages */,
				547F0AEA2570F85000A224D9 /* structsFunctions.swift */,
				2613B03D2570DB9000EECB4C /* Assets.xcassets */,
				2613B03F2570DB9000EECB4C /* LaunchScreen.storyboard */,
				2613B0422570DB9000EECB4C /* Info.plist */,
			);
			path = CATmistry;
			sourceTree = "<group>";
		};
		2613B04A2570DB9100EECB4C /* CATmistryTests */ = {
			isa = PBXGroup;
			children = (
				2613B04B2570DB9100EECB4C /* CATmistryTests.swift */,
				2613B04D2570DB9100EECB4C /* Info.plist */,
			);
			path = CATmistryTests;
			sourceTree = "<group>";
		};
		2613B0552570DB9100EECB4C /* CATmistryUITests */ = {
			isa = PBXGroup;
			children = (
				2613B0562570DB9100EECB4C /* CATmistryUITests.swift */,
				2613B0582570DB9100EECB4C /* Info.plist */,
			);
			path = CATmistryUITests;
			sourceTree = "<group>";
		};
		54FEFB122578603A0054CFF9 /* Play Pages */ = {
			isa = PBXGroup;
			children = (
				26CD2F1A257F66D3002705D1 /* PlayCorrectAnswerViewController.swift */,
				26CD2F22257F670B002705D1 /* PlayWrongAnswerViewController.swift */,
				54FEFB1C2578612A0054CFF9 /* Table View */,
				54FEFB19257860DC0054CFF9 /* Find Gas Game */,
				54FEFB1B257861130054CFF9 /* Retrieve Solids Game */,
				54FEFB1A257860F30054CFF9 /* PH game */,
				54FEFB18257860C10054CFF9 /* Identify Elements Game */,
			);
			path = "Play Pages";
			sourceTree = "<group>";
		};
		54FEFB172578609C0054CFF9 /* Learn Pages */ = {
			isa = PBXGroup;
			children = (
				54FEFB1D257861690054CFF9 /* Specific Learn Pages */,
				54B5D28525738FB5006A55F2 /* QuizViewController.swift */,
				547F0ADD2570F66E00A224D9 /* LearnHomePageTableViewCell.swift */,
				547F0AD82570F5F900A224D9 /* LearnHomePageTableViewController.swift */,
			);
			path = "Learn Pages";
			sourceTree = "<group>";
		};
		54FEFB18257860C10054CFF9 /* Identify Elements Game */ = {
			isa = PBXGroup;
			children = (
				548C7E852576897200D2ACD8 /* PlayIdentifyElementsStartViewController.swift */,
				54FEFB0425770AE50054CFF9 /* PlayIdentifyElementsSecondViewController.swift */,
			);
			path = "Identify Elements Game";
			sourceTree = "<group>";
		};
		54FEFB19257860DC0054CFF9 /* Find Gas Game */ = {
			isa = PBXGroup;
			children = (
				2632D7032577D5B50005033F /* PlayFindGasDetailsViewController.swift */,
				269F995825777538001C7246 /* PlayFindGasStartViewController.swift */,
			);
			path = "Find Gas Game";
			sourceTree = "<group>";
		};
		54FEFB1A257860F30054CFF9 /* PH game */ = {
			isa = PBXGroup;
			children = (
				2632D7082577D5F00005033F /* PlayAdjustPhDetailsViewController.swift */,
				269F995025777504001C7246 /* PlayAdjustPhStartViewController.swift */,
			);
			path = "PH game";
			sourceTree = "<group>";
		};
		54FEFB1B257861130054CFF9 /* Retrieve Solids Game */ = {
			isa = PBXGroup;
			children = (
				2632D70D2577D62F0005033F /* PlayRetrieveSolidsDetailsViewController.swift */,
				269F995D25777553001C7246 /* PlayRetrieveSolidsStartViewController.swift */,
			);
			path = "Retrieve Solids Game";
			sourceTree = "<group>";
		};
		54FEFB1C2578612A0054CFF9 /* Table View */ = {
			isa = PBXGroup;
			children = (
				261E53A12571488B00094DA5 /* PlayHomePageTableViewCell.swift */,
				261E539C2571486600094DA5 /* PlayHomePageTableViewController.swift */,
			);
			path = "Table View";
			sourceTree = "<group>";
		};
		54FEFB1D257861690054CFF9 /* Specific Learn Pages */ = {
			isa = PBXGroup;
			children = (
				26DDE2A3257483B200FDC078 /* LearnSubSubTopicDetailsViewController.swift */,
				2640F0A225724091003EC92B /* LearnSubTopicDetailsViewController.swift */,
				54C171492574E44F004ED787 /* SubSubTopicTableViewCell.swift */,
				54F5202E2571FA4600D7363C /* LearnChapterSubTopicsTableViewController.swift */,
			);
			path = "Specific Learn Pages";
			sourceTree = "<group>";
		};
		6D9E306F40C4427E4EFBF49A /* Frameworks */ = {
			isa = PBXGroup;
			children = (
				49DA23714213562AA54B3120 /* Pods_CATmistry.framework */,
				E17CC281B885BB9952784F31 /* Pods_CATmistry_CATmistryUITests.framework */,
				C25FC8DB42CBF979D08BA3AE /* Pods_CATmistryTests.framework */,
			);
			name = Frameworks;
			sourceTree = "<group>";
		};
/* End PBXGroup section */

/* Begin PBXNativeTarget section */
		2613B0302570DB8C00EECB4C /* CATmistry */ = {
			isa = PBXNativeTarget;
			buildConfigurationList = 2613B05B2570DB9100EECB4C /* Build configuration list for PBXNativeTarget "CATmistry" */;
			buildPhases = (
				B65EC5B886734F30A7D69A8C /* [CP] Check Pods Manifest.lock */,
				2613B02D2570DB8C00EECB4C /* Sources */,
				2613B02E2570DB8C00EECB4C /* Frameworks */,
				2613B02F2570DB8C00EECB4C /* Resources */,
				11C2D139FE6BCFA6D6AB600F /* [CP] Embed Pods Frameworks */,
			);
			buildRules = (
			);
			dependencies = (
			);
			name = CATmistry;
			productName = CATmistry;
			productReference = 2613B0312570DB8C00EECB4C /* CATmistry.app */;
			productType = "com.apple.product-type.application";
		};
		2613B0462570DB9100EECB4C /* CATmistryTests */ = {
			isa = PBXNativeTarget;
			buildConfigurationList = 2613B05E2570DB9100EECB4C /* Build configuration list for PBXNativeTarget "CATmistryTests" */;
			buildPhases = (
				415D50FC7A39B0E0382C52D1 /* [CP] Check Pods Manifest.lock */,
				2613B0432570DB9100EECB4C /* Sources */,
				2613B0442570DB9100EECB4C /* Frameworks */,
				2613B0452570DB9100EECB4C /* Resources */,
			);
			buildRules = (
			);
			dependencies = (
				2613B0492570DB9100EECB4C /* PBXTargetDependency */,
			);
			name = CATmistryTests;
			productName = CATmistryTests;
			productReference = 2613B0472570DB9100EECB4C /* CATmistryTests.xctest */;
			productType = "com.apple.product-type.bundle.unit-test";
		};
		2613B0512570DB9100EECB4C /* CATmistryUITests */ = {
			isa = PBXNativeTarget;
			buildConfigurationList = 2613B0612570DB9100EECB4C /* Build configuration list for PBXNativeTarget "CATmistryUITests" */;
			buildPhases = (
				A7472495A8C1F013AA36C866 /* [CP] Check Pods Manifest.lock */,
				2613B04E2570DB9100EECB4C /* Sources */,
				2613B04F2570DB9100EECB4C /* Frameworks */,
				2613B0502570DB9100EECB4C /* Resources */,
				F64615766E9E6DAEF7B28A83 /* [CP] Embed Pods Frameworks */,
			);
			buildRules = (
			);
			dependencies = (
				2613B0542570DB9100EECB4C /* PBXTargetDependency */,
			);
			name = CATmistryUITests;
			productName = CATmistryUITests;
			productReference = 2613B0522570DB9100EECB4C /* CATmistryUITests.xctest */;
			productType = "com.apple.product-type.bundle.ui-testing";
		};
/* End PBXNativeTarget section */

/* Begin PBXProject section */
		2613B0292570DB8C00EECB4C /* Project object */ = {
			isa = PBXProject;
			attributes = {
				LastSwiftUpdateCheck = 1220;
				LastUpgradeCheck = 1220;
				TargetAttributes = {
					2613B0302570DB8C00EECB4C = {
						CreatedOnToolsVersion = 12.2;
					};
					2613B0462570DB9100EECB4C = {
						CreatedOnToolsVersion = 12.2;
						TestTargetID = 2613B0302570DB8C00EECB4C;
					};
					2613B0512570DB9100EECB4C = {
						CreatedOnToolsVersion = 12.2;
						TestTargetID = 2613B0302570DB8C00EECB4C;
					};
				};
			};
			buildConfigurationList = 2613B02C2570DB8C00EECB4C /* Build configuration list for PBXProject "CATmistry" */;
			compatibilityVersion = "Xcode 9.3";
			developmentRegion = en;
			hasScannedForEncodings = 0;
			knownRegions = (
				en,
				Base,
			);
			mainGroup = 2613B0282570DB8C00EECB4C;
			productRefGroup = 2613B0322570DB8C00EECB4C /* Products */;
			projectDirPath = "";
			projectRoot = "";
			targets = (
				2613B0302570DB8C00EECB4C /* CATmistry */,
				2613B0462570DB9100EECB4C /* CATmistryTests */,
				2613B0512570DB9100EECB4C /* CATmistryUITests */,
			);
		};
/* End PBXProject section */

/* Begin PBXResourcesBuildPhase section */
		2613B02F2570DB8C00EECB4C /* Resources */ = {
			isa = PBXResourcesBuildPhase;
			buildActionMask = 2147483647;
			files = (
				2613B0412570DB9000EECB4C /* LaunchScreen.storyboard in Resources */,
				2613B03E2570DB9000EECB4C /* Assets.xcassets in Resources */,
				2613B03C2570DB8C00EECB4C /* Main.storyboard in Resources */,
			);
			runOnlyForDeploymentPostprocessing = 0;
		};
		2613B0452570DB9100EECB4C /* Resources */ = {
			isa = PBXResourcesBuildPhase;
			buildActionMask = 2147483647;
			files = (
			);
			runOnlyForDeploymentPostprocessing = 0;
		};
		2613B0502570DB9100EECB4C /* Resources */ = {
			isa = PBXResourcesBuildPhase;
			buildActionMask = 2147483647;
			files = (
			);
			runOnlyForDeploymentPostprocessing = 0;
		};
/* End PBXResourcesBuildPhase section */

/* Begin PBXShellScriptBuildPhase section */
		11C2D139FE6BCFA6D6AB600F /* [CP] Embed Pods Frameworks */ = {
			isa = PBXShellScriptBuildPhase;
			buildActionMask = 2147483647;
			files = (
			);
			inputFileListPaths = (
				"${PODS_ROOT}/Target Support Files/Pods-CATmistry/Pods-CATmistry-frameworks-${CONFIGURATION}-input-files.xcfilelist",
			);
			name = "[CP] Embed Pods Frameworks";
			outputFileListPaths = (
				"${PODS_ROOT}/Target Support Files/Pods-CATmistry/Pods-CATmistry-frameworks-${CONFIGURATION}-output-files.xcfilelist",
			);
			runOnlyForDeploymentPostprocessing = 0;
			shellPath = /bin/sh;
			shellScript = "\"${PODS_ROOT}/Target Support Files/Pods-CATmistry/Pods-CATmistry-frameworks.sh\"\n";
			showEnvVarsInLog = 0;
		};
		415D50FC7A39B0E0382C52D1 /* [CP] Check Pods Manifest.lock */ = {
			isa = PBXShellScriptBuildPhase;
			buildActionMask = 2147483647;
			files = (
			);
			inputFileListPaths = (
			);
			inputPaths = (
				"${PODS_PODFILE_DIR_PATH}/Podfile.lock",
				"${PODS_ROOT}/Manifest.lock",
			);
			name = "[CP] Check Pods Manifest.lock";
			outputFileListPaths = (
			);
			outputPaths = (
				"$(DERIVED_FILE_DIR)/Pods-CATmistryTests-checkManifestLockResult.txt",
			);
			runOnlyForDeploymentPostprocessing = 0;
			shellPath = /bin/sh;
			shellScript = "diff \"${PODS_PODFILE_DIR_PATH}/Podfile.lock\" \"${PODS_ROOT}/Manifest.lock\" > /dev/null\nif [ $? != 0 ] ; then\n    # print error to STDERR\n    echo \"error: The sandbox is not in sync with the Podfile.lock. Run 'pod install' or update your CocoaPods installation.\" >&2\n    exit 1\nfi\n# This output is used by Xcode 'outputs' to avoid re-running this script phase.\necho \"SUCCESS\" > \"${SCRIPT_OUTPUT_FILE_0}\"\n";
			showEnvVarsInLog = 0;
		};
		A7472495A8C1F013AA36C866 /* [CP] Check Pods Manifest.lock */ = {
			isa = PBXShellScriptBuildPhase;
			buildActionMask = 2147483647;
			files = (
			);
			inputFileListPaths = (
			);
			inputPaths = (
				"${PODS_PODFILE_DIR_PATH}/Podfile.lock",
				"${PODS_ROOT}/Manifest.lock",
			);
			name = "[CP] Check Pods Manifest.lock";
			outputFileListPaths = (
			);
			outputPaths = (
				"$(DERIVED_FILE_DIR)/Pods-CATmistry-CATmistryUITests-checkManifestLockResult.txt",
			);
			runOnlyForDeploymentPostprocessing = 0;
			shellPath = /bin/sh;
			shellScript = "diff \"${PODS_PODFILE_DIR_PATH}/Podfile.lock\" \"${PODS_ROOT}/Manifest.lock\" > /dev/null\nif [ $? != 0 ] ; then\n    # print error to STDERR\n    echo \"error: The sandbox is not in sync with the Podfile.lock. Run 'pod install' or update your CocoaPods installation.\" >&2\n    exit 1\nfi\n# This output is used by Xcode 'outputs' to avoid re-running this script phase.\necho \"SUCCESS\" > \"${SCRIPT_OUTPUT_FILE_0}\"\n";
			showEnvVarsInLog = 0;
		};
		B65EC5B886734F30A7D69A8C /* [CP] Check Pods Manifest.lock */ = {
			isa = PBXShellScriptBuildPhase;
			buildActionMask = 2147483647;
			files = (
			);
			inputFileListPaths = (
			);
			inputPaths = (
				"${PODS_PODFILE_DIR_PATH}/Podfile.lock",
				"${PODS_ROOT}/Manifest.lock",
			);
			name = "[CP] Check Pods Manifest.lock";
			outputFileListPaths = (
			);
			outputPaths = (
				"$(DERIVED_FILE_DIR)/Pods-CATmistry-checkManifestLockResult.txt",
			);
			runOnlyForDeploymentPostprocessing = 0;
			shellPath = /bin/sh;
			shellScript = "diff \"${PODS_PODFILE_DIR_PATH}/Podfile.lock\" \"${PODS_ROOT}/Manifest.lock\" > /dev/null\nif [ $? != 0 ] ; then\n    # print error to STDERR\n    echo \"error: The sandbox is not in sync with the Podfile.lock. Run 'pod install' or update your CocoaPods installation.\" >&2\n    exit 1\nfi\n# This output is used by Xcode 'outputs' to avoid re-running this script phase.\necho \"SUCCESS\" > \"${SCRIPT_OUTPUT_FILE_0}\"\n";
			showEnvVarsInLog = 0;
		};
		F64615766E9E6DAEF7B28A83 /* [CP] Embed Pods Frameworks */ = {
			isa = PBXShellScriptBuildPhase;
			buildActionMask = 2147483647;
			files = (
			);
			inputFileListPaths = (
				"${PODS_ROOT}/Target Support Files/Pods-CATmistry-CATmistryUITests/Pods-CATmistry-CATmistryUITests-frameworks-${CONFIGURATION}-input-files.xcfilelist",
			);
			name = "[CP] Embed Pods Frameworks";
			outputFileListPaths = (
				"${PODS_ROOT}/Target Support Files/Pods-CATmistry-CATmistryUITests/Pods-CATmistry-CATmistryUITests-frameworks-${CONFIGURATION}-output-files.xcfilelist",
			);
			runOnlyForDeploymentPostprocessing = 0;
			shellPath = /bin/sh;
			shellScript = "\"${PODS_ROOT}/Target Support Files/Pods-CATmistry-CATmistryUITests/Pods-CATmistry-CATmistryUITests-frameworks.sh\"\n";
			showEnvVarsInLog = 0;
		};
/* End PBXShellScriptBuildPhase section */

/* Begin PBXSourcesBuildPhase section */
		2613B02D2570DB8C00EECB4C /* Sources */ = {
			isa = PBXSourcesBuildPhase;
			buildActionMask = 2147483647;
			files = (
				2640F0A325724091003EC92B /* LearnSubTopicDetailsViewController.swift in Sources */,
				54B5D28625738FB5006A55F2 /* QuizViewController.swift in Sources */,
				2632D7042577D5B50005033F /* PlayFindGasDetailsViewController.swift in Sources */,
				269F995E25777553001C7246 /* PlayRetrieveSolidsStartViewController.swift in Sources */,
				2613B0352570DB8C00EECB4C /* AppDelegate.swift in Sources */,
				547F0ADE2570F66E00A224D9 /* LearnHomePageTableViewCell.swift in Sources */,
				54BAB8262578CA560000A5C0 /* settingsViewController.swift in Sources */,
				548C7E862576897200D2ACD8 /* PlayIdentifyElementsStartViewController.swift in Sources */,
				261E53A22571488B00094DA5 /* PlayHomePageTableViewCell.swift in Sources */,
				26DDE2A4257483B200FDC078 /* LearnSubSubTopicDetailsViewController.swift in Sources */,
				269F995125777504001C7246 /* PlayAdjustPhStartViewController.swift in Sources */,
				54F5202F2571FA4600D7363C /* LearnChapterSubTopicsTableViewController.swift in Sources */,
				54C1714A2574E44F004ED787 /* SubSubTopicTableViewCell.swift in Sources */,
				547F0AEB2570F85000A224D9 /* structsFunctions.swift in Sources */,
				26CD2F1B257F66D3002705D1 /* PlayCorrectAnswerViewController.swift in Sources */,
				26CD2F23257F670B002705D1 /* PlayWrongAnswerViewController.swift in Sources */,
				261E539D2571486600094DA5 /* PlayHomePageTableViewController.swift in Sources */,
				2632D7092577D5F00005033F /* PlayAdjustPhDetailsViewController.swift in Sources */,
				54FEFB0525770AE50054CFF9 /* PlayIdentifyElementsSecondViewController.swift in Sources */,
				2613B0372570DB8C00EECB4C /* SceneDelegate.swift in Sources */,
				26EA43222584C15E00AD5BD0 /* SettingsTableViewController.swift in Sources */,
				269F995925777538001C7246 /* PlayFindGasStartViewController.swift in Sources */,
				2632D70E2577D62F0005033F /* PlayRetrieveSolidsDetailsViewController.swift in Sources */,
				547F0AD92570F5F900A224D9 /* LearnHomePageTableViewController.swift in Sources */,
			);
			runOnlyForDeploymentPostprocessing = 0;
		};
		2613B0432570DB9100EECB4C /* Sources */ = {
			isa = PBXSourcesBuildPhase;
			buildActionMask = 2147483647;
			files = (
				2613B04C2570DB9100EECB4C /* CATmistryTests.swift in Sources */,
			);
			runOnlyForDeploymentPostprocessing = 0;
		};
		2613B04E2570DB9100EECB4C /* Sources */ = {
			isa = PBXSourcesBuildPhase;
			buildActionMask = 2147483647;
			files = (
				2613B0572570DB9100EECB4C /* CATmistryUITests.swift in Sources */,
			);
			runOnlyForDeploymentPostprocessing = 0;
		};
/* End PBXSourcesBuildPhase section */

/* Begin PBXTargetDependency section */
		2613B0492570DB9100EECB4C /* PBXTargetDependency */ = {
			isa = PBXTargetDependency;
			target = 2613B0302570DB8C00EECB4C /* CATmistry */;
			targetProxy = 2613B0482570DB9100EECB4C /* PBXContainerItemProxy */;
		};
		2613B0542570DB9100EECB4C /* PBXTargetDependency */ = {
			isa = PBXTargetDependency;
			target = 2613B0302570DB8C00EECB4C /* CATmistry */;
			targetProxy = 2613B0532570DB9100EECB4C /* PBXContainerItemProxy */;
		};
/* End PBXTargetDependency section */

/* Begin PBXVariantGroup section */
		2613B03A2570DB8C00EECB4C /* Main.storyboard */ = {
			isa = PBXVariantGroup;
			children = (
				2613B03B2570DB8C00EECB4C /* Base */,
			);
			name = Main.storyboard;
			sourceTree = "<group>";
		};
		2613B03F2570DB9000EECB4C /* LaunchScreen.storyboard */ = {
			isa = PBXVariantGroup;
			children = (
				2613B0402570DB9000EECB4C /* Base */,
			);
			name = LaunchScreen.storyboard;
			sourceTree = "<group>";
		};
/* End PBXVariantGroup section */

/* Begin XCBuildConfiguration section */
		2613B0592570DB9100EECB4C /* Debug */ = {
			isa = XCBuildConfiguration;
			buildSettings = {
				ALWAYS_SEARCH_USER_PATHS = NO;
				CLANG_ANALYZER_NONNULL = YES;
				CLANG_ANALYZER_NUMBER_OBJECT_CONVERSION = YES_AGGRESSIVE;
				CLANG_CXX_LANGUAGE_STANDARD = "gnu++14";
				CLANG_CXX_LIBRARY = "libc++";
				CLANG_ENABLE_MODULES = YES;
				CLANG_ENABLE_OBJC_ARC = YES;
				CLANG_ENABLE_OBJC_WEAK = YES;
				CLANG_WARN_BLOCK_CAPTURE_AUTORELEASING = YES;
				CLANG_WARN_BOOL_CONVERSION = YES;
				CLANG_WARN_COMMA = YES;
				CLANG_WARN_CONSTANT_CONVERSION = YES;
				CLANG_WARN_DEPRECATED_OBJC_IMPLEMENTATIONS = YES;
				CLANG_WARN_DIRECT_OBJC_ISA_USAGE = YES_ERROR;
				CLANG_WARN_DOCUMENTATION_COMMENTS = YES;
				CLANG_WARN_EMPTY_BODY = YES;
				CLANG_WARN_ENUM_CONVERSION = YES;
				CLANG_WARN_INFINITE_RECURSION = YES;
				CLANG_WARN_INT_CONVERSION = YES;
				CLANG_WARN_NON_LITERAL_NULL_CONVERSION = YES;
				CLANG_WARN_OBJC_IMPLICIT_RETAIN_SELF = YES;
				CLANG_WARN_OBJC_LITERAL_CONVERSION = YES;
				CLANG_WARN_OBJC_ROOT_CLASS = YES_ERROR;
				CLANG_WARN_QUOTED_INCLUDE_IN_FRAMEWORK_HEADER = YES;
				CLANG_WARN_RANGE_LOOP_ANALYSIS = YES;
				CLANG_WARN_STRICT_PROTOTYPES = YES;
				CLANG_WARN_SUSPICIOUS_MOVE = YES;
				CLANG_WARN_UNGUARDED_AVAILABILITY = YES_AGGRESSIVE;
				CLANG_WARN_UNREACHABLE_CODE = YES;
				CLANG_WARN__DUPLICATE_METHOD_MATCH = YES;
				COPY_PHASE_STRIP = NO;
				DEBUG_INFORMATION_FORMAT = dwarf;
				ENABLE_STRICT_OBJC_MSGSEND = YES;
				ENABLE_TESTABILITY = YES;
				GCC_C_LANGUAGE_STANDARD = gnu11;
				GCC_DYNAMIC_NO_PIC = NO;
				GCC_NO_COMMON_BLOCKS = YES;
				GCC_OPTIMIZATION_LEVEL = 0;
				GCC_PREPROCESSOR_DEFINITIONS = (
					"DEBUG=1",
					"$(inherited)",
				);
				GCC_WARN_64_TO_32_BIT_CONVERSION = YES;
				GCC_WARN_ABOUT_RETURN_TYPE = YES_ERROR;
				GCC_WARN_UNDECLARED_SELECTOR = YES;
				GCC_WARN_UNINITIALIZED_AUTOS = YES_AGGRESSIVE;
				GCC_WARN_UNUSED_FUNCTION = YES;
				GCC_WARN_UNUSED_VARIABLE = YES;
				IPHONEOS_DEPLOYMENT_TARGET = 14.2;
				MTL_ENABLE_DEBUG_INFO = INCLUDE_SOURCE;
				MTL_FAST_MATH = YES;
				ONLY_ACTIVE_ARCH = YES;
				SDKROOT = iphoneos;
				SWIFT_ACTIVE_COMPILATION_CONDITIONS = DEBUG;
				SWIFT_OPTIMIZATION_LEVEL = "-Onone";
			};
			name = Debug;
		};
		2613B05A2570DB9100EECB4C /* Release */ = {
			isa = XCBuildConfiguration;
			buildSettings = {
				ALWAYS_SEARCH_USER_PATHS = NO;
				CLANG_ANALYZER_NONNULL = YES;
				CLANG_ANALYZER_NUMBER_OBJECT_CONVERSION = YES_AGGRESSIVE;
				CLANG_CXX_LANGUAGE_STANDARD = "gnu++14";
				CLANG_CXX_LIBRARY = "libc++";
				CLANG_ENABLE_MODULES = YES;
				CLANG_ENABLE_OBJC_ARC = YES;
				CLANG_ENABLE_OBJC_WEAK = YES;
				CLANG_WARN_BLOCK_CAPTURE_AUTORELEASING = YES;
				CLANG_WARN_BOOL_CONVERSION = YES;
				CLANG_WARN_COMMA = YES;
				CLANG_WARN_CONSTANT_CONVERSION = YES;
				CLANG_WARN_DEPRECATED_OBJC_IMPLEMENTATIONS = YES;
				CLANG_WARN_DIRECT_OBJC_ISA_USAGE = YES_ERROR;
				CLANG_WARN_DOCUMENTATION_COMMENTS = YES;
				CLANG_WARN_EMPTY_BODY = YES;
				CLANG_WARN_ENUM_CONVERSION = YES;
				CLANG_WARN_INFINITE_RECURSION = YES;
				CLANG_WARN_INT_CONVERSION = YES;
				CLANG_WARN_NON_LITERAL_NULL_CONVERSION = YES;
				CLANG_WARN_OBJC_IMPLICIT_RETAIN_SELF = YES;
				CLANG_WARN_OBJC_LITERAL_CONVERSION = YES;
				CLANG_WARN_OBJC_ROOT_CLASS = YES_ERROR;
				CLANG_WARN_QUOTED_INCLUDE_IN_FRAMEWORK_HEADER = YES;
				CLANG_WARN_RANGE_LOOP_ANALYSIS = YES;
				CLANG_WARN_STRICT_PROTOTYPES = YES;
				CLANG_WARN_SUSPICIOUS_MOVE = YES;
				CLANG_WARN_UNGUARDED_AVAILABILITY = YES_AGGRESSIVE;
				CLANG_WARN_UNREACHABLE_CODE = YES;
				CLANG_WARN__DUPLICATE_METHOD_MATCH = YES;
				COPY_PHASE_STRIP = NO;
				DEBUG_INFORMATION_FORMAT = "dwarf-with-dsym";
				ENABLE_NS_ASSERTIONS = NO;
				ENABLE_STRICT_OBJC_MSGSEND = YES;
				GCC_C_LANGUAGE_STANDARD = gnu11;
				GCC_NO_COMMON_BLOCKS = YES;
				GCC_WARN_64_TO_32_BIT_CONVERSION = YES;
				GCC_WARN_ABOUT_RETURN_TYPE = YES_ERROR;
				GCC_WARN_UNDECLARED_SELECTOR = YES;
				GCC_WARN_UNINITIALIZED_AUTOS = YES_AGGRESSIVE;
				GCC_WARN_UNUSED_FUNCTION = YES;
				GCC_WARN_UNUSED_VARIABLE = YES;
				IPHONEOS_DEPLOYMENT_TARGET = 14.2;
				MTL_ENABLE_DEBUG_INFO = NO;
				MTL_FAST_MATH = YES;
				SDKROOT = iphoneos;
				SWIFT_COMPILATION_MODE = wholemodule;
				SWIFT_OPTIMIZATION_LEVEL = "-O";
				VALIDATE_PRODUCT = YES;
			};
			name = Release;
		};
		2613B05C2570DB9100EECB4C /* Debug */ = {
			isa = XCBuildConfiguration;
			baseConfigurationReference = D90F63469EC545053F408036 /* Pods-CATmistry.debug.xcconfig */;
			buildSettings = {
				ASSETCATALOG_COMPILER_APPICON_NAME = AppIcon;
				ASSETCATALOG_COMPILER_GLOBAL_ACCENT_COLOR_NAME = AccentColor;
				CODE_SIGN_STYLE = Automatic;
				DEVELOPMENT_TEAM = P7F2G966KF;
				INFOPLIST_FILE = CATmistry/Info.plist;
				LD_RUNPATH_SEARCH_PATHS = (
					"$(inherited)",
					"@executable_path/Frameworks",
				);
				PRODUCT_BUNDLE_IDENTIFIER = com.neohaojun.CATmistry;
				PRODUCT_NAME = "$(TARGET_NAME)";
				SWIFT_VERSION = 5.0;
				TARGETED_DEVICE_FAMILY = "1,2";
			};
			name = Debug;
		};
		2613B05D2570DB9100EECB4C /* Release */ = {
			isa = XCBuildConfiguration;
			baseConfigurationReference = 462BC2A50FADBCEE81DEA261 /* Pods-CATmistry.release.xcconfig */;
			buildSettings = {
				ASSETCATALOG_COMPILER_APPICON_NAME = AppIcon;
				ASSETCATALOG_COMPILER_GLOBAL_ACCENT_COLOR_NAME = AccentColor;
				CODE_SIGN_STYLE = Automatic;
				DEVELOPMENT_TEAM = P7F2G966KF;
				INFOPLIST_FILE = CATmistry/Info.plist;
				LD_RUNPATH_SEARCH_PATHS = (
					"$(inherited)",
					"@executable_path/Frameworks",
				);
				PRODUCT_BUNDLE_IDENTIFIER = com.neohaojun.CATmistry;
				PRODUCT_NAME = "$(TARGET_NAME)";
				SWIFT_VERSION = 5.0;
				TARGETED_DEVICE_FAMILY = "1,2";
			};
			name = Release;
		};
		2613B05F2570DB9100EECB4C /* Debug */ = {
			isa = XCBuildConfiguration;
			baseConfigurationReference = 2F20F908644330A99E65D047 /* Pods-CATmistryTests.debug.xcconfig */;
			buildSettings = {
				ALWAYS_EMBED_SWIFT_STANDARD_LIBRARIES = YES;
				BUNDLE_LOADER = "$(TEST_HOST)";
				"CODE_SIGN_IDENTITY[sdk=macosx*]" = "-";
				CODE_SIGN_STYLE = Automatic;
				DEVELOPMENT_TEAM = P7F2G966KF;
				INFOPLIST_FILE = CATmistryTests/Info.plist;
				IPHONEOS_DEPLOYMENT_TARGET = 14.2;
				LD_RUNPATH_SEARCH_PATHS = (
					"$(inherited)",
					"@executable_path/Frameworks",
					"@loader_path/Frameworks",
				);
				PRODUCT_BUNDLE_IDENTIFIER = com.grup5.CATmistryTests;
				PRODUCT_NAME = "$(TARGET_NAME)";
				SWIFT_VERSION = 5.0;
				TARGETED_DEVICE_FAMILY = "1,2";
				TEST_HOST = "$(BUILT_PRODUCTS_DIR)/CATmistry.app/CATmistry";
			};
			name = Debug;
		};
		2613B0602570DB9100EECB4C /* Release */ = {
			isa = XCBuildConfiguration;
			baseConfigurationReference = 09DA7E89D99E92596912DACB /* Pods-CATmistryTests.release.xcconfig */;
			buildSettings = {
				ALWAYS_EMBED_SWIFT_STANDARD_LIBRARIES = YES;
				BUNDLE_LOADER = "$(TEST_HOST)";
				"CODE_SIGN_IDENTITY[sdk=macosx*]" = "-";
				CODE_SIGN_STYLE = Automatic;
				DEVELOPMENT_TEAM = P7F2G966KF;
				INFOPLIST_FILE = CATmistryTests/Info.plist;
				IPHONEOS_DEPLOYMENT_TARGET = 14.2;
				LD_RUNPATH_SEARCH_PATHS = (
					"$(inherited)",
					"@executable_path/Frameworks",
					"@loader_path/Frameworks",
				);
				PRODUCT_BUNDLE_IDENTIFIER = com.grup5.CATmistryTests;
				PRODUCT_NAME = "$(TARGET_NAME)";
				SWIFT_VERSION = 5.0;
				TARGETED_DEVICE_FAMILY = "1,2";
				TEST_HOST = "$(BUILT_PRODUCTS_DIR)/CATmistry.app/CATmistry";
			};
			name = Release;
		};
		2613B0622570DB9100EECB4C /* Debug */ = {
			isa = XCBuildConfiguration;
			baseConfigurationReference = 632B238902855510D1A66A8D /* Pods-CATmistry-CATmistryUITests.debug.xcconfig */;
			buildSettings = {
				ALWAYS_EMBED_SWIFT_STANDARD_LIBRARIES = YES;
				"CODE_SIGN_IDENTITY[sdk=macosx*]" = "-";
				CODE_SIGN_STYLE = Automatic;
				DEVELOPMENT_TEAM = P7F2G966KF;
				INFOPLIST_FILE = CATmistryUITests/Info.plist;
				LD_RUNPATH_SEARCH_PATHS = (
					"$(inherited)",
					"@executable_path/Frameworks",
					"@loader_path/Frameworks",
				);
				PRODUCT_BUNDLE_IDENTIFIER = com.grup5.CATmistryUITests;
				PRODUCT_NAME = "$(TARGET_NAME)";
				SWIFT_VERSION = 5.0;
				TARGETED_DEVICE_FAMILY = "1,2";
				TEST_TARGET_NAME = CATmistry;
			};
			name = Debug;
		};
		2613B0632570DB9100EECB4C /* Release */ = {
			isa = XCBuildConfiguration;
			baseConfigurationReference = 67A35E2E4F9993C8DC7B5A27 /* Pods-CATmistry-CATmistryUITests.release.xcconfig */;
			buildSettings = {
				ALWAYS_EMBED_SWIFT_STANDARD_LIBRARIES = YES;
				"CODE_SIGN_IDENTITY[sdk=macosx*]" = "-";
				CODE_SIGN_STYLE = Automatic;
				DEVELOPMENT_TEAM = P7F2G966KF;
				INFOPLIST_FILE = CATmistryUITests/Info.plist;
				LD_RUNPATH_SEARCH_PATHS = (
					"$(inherited)",
					"@executable_path/Frameworks",
					"@loader_path/Frameworks",
				);
				PRODUCT_BUNDLE_IDENTIFIER = com.grup5.CATmistryUITests;
				PRODUCT_NAME = "$(TARGET_NAME)";
				SWIFT_VERSION = 5.0;
				TARGETED_DEVICE_FAMILY = "1,2";
				TEST_TARGET_NAME = CATmistry;
			};
			name = Release;
		};
/* End XCBuildConfiguration section */

/* Begin XCConfigurationList section */
		2613B02C2570DB8C00EECB4C /* Build configuration list for PBXProject "CATmistry" */ = {
			isa = XCConfigurationList;
			buildConfigurations = (
				2613B0592570DB9100EECB4C /* Debug */,
				2613B05A2570DB9100EECB4C /* Release */,
			);
			defaultConfigurationIsVisible = 0;
			defaultConfigurationName = Release;
		};
		2613B05B2570DB9100EECB4C /* Build configuration list for PBXNativeTarget "CATmistry" */ = {
			isa = XCConfigurationList;
			buildConfigurations = (
				2613B05C2570DB9100EECB4C /* Debug */,
				2613B05D2570DB9100EECB4C /* Release */,
			);
			defaultConfigurationIsVisible = 0;
			defaultConfigurationName = Release;
		};
		2613B05E2570DB9100EECB4C /* Build configuration list for PBXNativeTarget "CATmistryTests" */ = {
			isa = XCConfigurationList;
			buildConfigurations = (
				2613B05F2570DB9100EECB4C /* Debug */,
				2613B0602570DB9100EECB4C /* Release */,
			);
			defaultConfigurationIsVisible = 0;
			defaultConfigurationName = Release;
		};
		2613B0612570DB9100EECB4C /* Build configuration list for PBXNativeTarget "CATmistryUITests" */ = {
			isa = XCConfigurationList;
			buildConfigurations = (
				2613B0622570DB9100EECB4C /* Debug */,
				2613B0632570DB9100EECB4C /* Release */,
			);
			defaultConfigurationIsVisible = 0;
			defaultConfigurationName = Release;
		};
/* End XCConfigurationList section */
	};
	rootObject = 2613B0292570DB8C00EECB4C /* Project object */;
}
